<?xml version="1.0" encoding="utf-8"?>
<Project ToolsVersion="4.0" xmlns="http://schemas.microsoft.com/developer/msbuild/2003">
  <ItemGroup>
    <Filter Include="Source Files">
      <UniqueIdentifier>{ce78cb76-0784-4c6d-9541-238d92767310}</UniqueIdentifier>
      <Extensions>cpp;c;cxx;rc;def;r;odl;idl;hpj;bat</Extensions>
    </Filter>
    <Filter Include="Header Files">
      <UniqueIdentifier>{3ad0b6b0-e977-4bc0-b71c-1d564b802040}</UniqueIdentifier>
      <Extensions>h;hpp;hxx;hm;inl</Extensions>
    </Filter>
    <Filter Include="Resource Files">
      <UniqueIdentifier>{b46d4a07-2a73-4d10-be3f-74d96983fc17}</UniqueIdentifier>
      <Extensions>ico;cur;bmp;dlg;rc2;rct;bin;rgs;gif;jpg;jpeg;jpe</Extensions>
    </Filter>
    <Filter Include="Source Files\nanopb">
      <UniqueIdentifier>{3afdfaee-e414-4e52-a9ca-a625d7bc94f3}</UniqueIdentifier>
    </Filter>
    <Filter Include="Header Files\nanopb">
      <UniqueIdentifier>{84cd71a7-009b-4401-a8a4-4d803aaa8e06}</UniqueIdentifier>
    </Filter>
    <Filter Include="Source Files\messages">
      <UniqueIdentifier>{f75af9bb-8b42-488a-83e8-1e754f899c6f}</UniqueIdentifier>
    </Filter>
    <Filter Include="Header Files\messages">
      <UniqueIdentifier>{bbed0f16-e6aa-49d1-995a-1653256cbb44}</UniqueIdentifier>
    </Filter>
    <Filter Include="Header Files\serial">
      <UniqueIdentifier>{13640135-f378-4213-9d7d-bcc07be48b1d}</UniqueIdentifier>
    </Filter>
    <Filter Include="Source Files\serial">
      <UniqueIdentifier>{6dde1c24-cde6-43b3-8541-4489df51fe5b}</UniqueIdentifier>
    </Filter>
  </ItemGroup>
  <ItemGroup>
    <ClCompile Include="cunicode.cpp">
      <Filter>Source Files</Filter>
    </ClCompile>
    <ClCompile Include="fsplugin.cpp">
      <Filter>Source Files</Filter>
    </ClCompile>
    <ClCompile Include="StdAfx.cpp">
      <Filter>Source Files</Filter>
    </ClCompile>
    <ClCompile Include="nanopb\pb_common.c">
      <Filter>Source Files\nanopb</Filter>
    </ClCompile>
    <ClCompile Include="nanopb\pb_decode.c">
      <Filter>Source Files\nanopb</Filter>
    </ClCompile>
    <ClCompile Include="nanopb\pb_encode.c">
      <Filter>Source Files\nanopb</Filter>
    </ClCompile>
    <ClCompile Include="messages\application.pb.c">
      <Filter>Source Files\messages</Filter>
    </ClCompile>
    <ClCompile Include="messages\flipper.pb.c">
      <Filter>Source Files\messages</Filter>
    </ClCompile>
    <ClCompile Include="messages\gui.pb.c">
      <Filter>Source Files\messages</Filter>
    </ClCompile>
    <ClCompile Include="messages\status.pb.c">
      <Filter>Source Files\messages</Filter>
    </ClCompile>
    <ClCompile Include="messages\storage.pb.c">
      <Filter>Source Files\messages</Filter>
    </ClCompile>
    <ClCompile Include="messages\system.pb.c">
      <Filter>Source Files\messages</Filter>
    </ClCompile>
    <ClCompile Include="serial\src\Win32.Devices.SerialDevice.cpp">
      <Filter>Source Files\serial</Filter>
    </ClCompile>
    <ClCompile Include="flipperrpc\flipperrpc.cpp">
      <Filter>Source Files</Filter>
    </ClCompile>
  </ItemGroup>
  <ItemGroup>
    <ClInclude Include="cunicode.h">
      <Filter>Header Files</Filter>
    </ClInclude>
    <ClInclude Include="fsplugin.h">
      <Filter>Header Files</Filter>
    </ClInclude>
    <ClInclude Include="StdAfx.h">
      <Filter>Header Files</Filter>
    </ClInclude>
    <ClInclude Include="nanopb\pb_common.h">
      <Filter>Header Files\nanopb</Filter>
    </ClInclude>
    <ClInclude Include="nanopb\pb_decode.h">
      <Filter>Header Files\nanopb</Filter>
    </ClInclude>
    <ClInclude Include="nanopb\pb_encode.h">
      <Filter>Header Files\nanopb</Filter>
    </ClInclude>
    <ClInclude Include="messages\application.pb.h">
      <Filter>Header Files\messages</Filter>
    </ClInclude>
    <ClInclude Include="messages\flipper.pb.h">
      <Filter>Header Files\messages</Filter>
    </ClInclude>
    <ClInclude Include="messages\gui.pb.h">
      <Filter>Header Files\messages</Filter>
    </ClInclude>
    <ClInclude Include="messages\status.pb.h">
      <Filter>Header Files\messages</Filter>
    </ClInclude>
    <ClInclude Include="messages\storage.pb.h">
      <Filter>Header Files\messages</Filter>
    </ClInclude>
    <ClInclude Include="messages\system.pb.h">
      <Filter>Header Files\messages</Filter>
    </ClInclude>
    <ClInclude Include="serial\include\Win32.Devices.SerialDevice.hpp">
      <Filter>Header Files\serial</Filter>
    </ClInclude>
    <ClInclude Include="flipperrpc\flipperrpc.h">
      <Filter>Header Files</Filter>
    </ClInclude>
  </ItemGroup>
  <ItemGroup>
    <Image Include="bitmap1.bmp">
      <Filter>Resource Files</Filter>
    </Image>
    <Image Include="COMPUTER.ICO">
      <Filter>Resource Files</Filter>
    </Image>
    <Image Include="icon2.ico">
      <Filter>Resource Files</Filter>
    </Image>
  </ItemGroup>
  <ItemGroup>
    <ResourceCompile Include="fsplugin.rc">
      <Filter>Resource Files</Filter>
    </ResourceCompile>
  </ItemGroup>
  <ItemGroup>
    <Text Include="ReadMe.txt" />
  </ItemGroup>
  <ItemGroup>
    <CustomBuild Include="fsplugin.def">
      <Filter>Source Files</Filter>
    </CustomBuild>
  </ItemGroup>
</Project>